// !$*UTF8*$!
{
	archiveVersion = 1;
	classes = {
	};
	objectVersion = 46;
	objects = {

/* Begin PBXBuildFile section */
		6804A0CC1EAAE70A0012193C /* AVKit.framework in Frameworks */ = {isa = PBXBuildFile; fileRef = 6804A0CB1EAAE70A0012193C /* AVKit.framework */; };
		6804A0CE1EAAFEB90012193C /* CameraMan.swift in Sources */ = {isa = PBXBuildFile; fileRef = 6804A0CD1EAAFEB90012193C /* CameraMan.swift */; };
		680693C71EC182CE003D9F2C /* BlinkingView.swift in Sources */ = {isa = PBXBuildFile; fileRef = 680693C61EC182CE003D9F2C /* BlinkingView.swift */; };
		68087C4F1EFC5879008B20BC /* UploadConfirmationAlertView.swift in Sources */ = {isa = PBXBuildFile; fileRef = 68087C4E1EFC5879008B20BC /* UploadConfirmationAlertView.swift */; };
		68087C511EFC638A008B20BC /* EditVideoAlertView.swift in Sources */ = {isa = PBXBuildFile; fileRef = 68087C501EFC638A008B20BC /* EditVideoAlertView.swift */; };
		6808D9DF1EC58100005B341B /* TopicController.swift in Sources */ = {isa = PBXBuildFile; fileRef = 6808D9DE1EC58100005B341B /* TopicController.swift */; };
		6808D9E11EC592C6005B341B /* TopicHeaderSection.swift in Sources */ = {isa = PBXBuildFile; fileRef = 6808D9E01EC592C6005B341B /* TopicHeaderSection.swift */; };
		6808D9E31EC59E20005B341B /* MomentStatus.swift in Sources */ = {isa = PBXBuildFile; fileRef = 6808D9E21EC59E20005B341B /* MomentStatus.swift */; };
		680922831EB51DB200CD1F6D /* MITCircleImageView.swift in Sources */ = {isa = PBXBuildFile; fileRef = 680922821EB51DB200CD1F6D /* MITCircleImageView.swift */; };
		680929CC1EB7C90200542D1D /* VideoPreviewCell.xib in Resources */ = {isa = PBXBuildFile; fileRef = 680929CB1EB7C90200542D1D /* VideoPreviewCell.xib */; };
		680929CE1EB7CBA600542D1D /* VideoPreviewCell.swift in Sources */ = {isa = PBXBuildFile; fileRef = 680929CD1EB7CBA600542D1D /* VideoPreviewCell.swift */; };
		6809BF181EB70E0200A9E942 /* BouncingTableViewCell.swift in Sources */ = {isa = PBXBuildFile; fileRef = 6809BF171EB70E0200A9E942 /* BouncingTableViewCell.swift */; };
		6809BF1A1EB7564000A9E942 /* ImageTitleSubtitleCell.xib in Resources */ = {isa = PBXBuildFile; fileRef = 6809BF191EB7564000A9E942 /* ImageTitleSubtitleCell.xib */; };
		6809BF1C1EB7566300A9E942 /* ImageTitleSubtitleCell.swift in Sources */ = {isa = PBXBuildFile; fileRef = 6809BF1B1EB7566300A9E942 /* ImageTitleSubtitleCell.swift */; };
		6809C1921EB5CACB0015C69A /* Moment.swift in Sources */ = {isa = PBXBuildFile; fileRef = 6809C1911EB5CACB0015C69A /* Moment.swift */; };
		6809C1941EB5E14F0015C69A /* Subject.swift in Sources */ = {isa = PBXBuildFile; fileRef = 6809C1931EB5E14F0015C69A /* Subject.swift */; };
		680BE07B1E8E204000A5D339 /* MomentCell.xib in Resources */ = {isa = PBXBuildFile; fileRef = 680BE07A1E8E204000A5D339 /* MomentCell.xib */; };
		680BE07D1E8E20A200A5D339 /* MomentCell.swift in Sources */ = {isa = PBXBuildFile; fileRef = 680BE07C1E8E20A200A5D339 /* MomentCell.swift */; };
		680BE07F1E8E2C9500A5D339 /* Views.swift in Sources */ = {isa = PBXBuildFile; fileRef = 680BE07E1E8E2C9500A5D339 /* Views.swift */; };
		680BE0811E8E2C9D00A5D339 /* ViewControllers.swift in Sources */ = {isa = PBXBuildFile; fileRef = 680BE0801E8E2C9D00A5D339 /* ViewControllers.swift */; };
		680BE0841E8E2D7200A5D339 /* Video.swift in Sources */ = {isa = PBXBuildFile; fileRef = 680BE0831E8E2D7200A5D339 /* Video.swift */; };
		680BE08A1E8E2E9B00A5D339 /* VideoRouter.swift in Sources */ = {isa = PBXBuildFile; fileRef = 680BE0871E8E2E9B00A5D339 /* VideoRouter.swift */; };
		680BE08B1E8E2E9B00A5D339 /* UploadRouter.swift in Sources */ = {isa = PBXBuildFile; fileRef = 680BE0881E8E2E9B00A5D339 /* UploadRouter.swift */; };
		680BE08D1E8E2FE700A5D339 /* BouncingButton.swift in Sources */ = {isa = PBXBuildFile; fileRef = 680BE08C1E8E2FE700A5D339 /* BouncingButton.swift */; };
		680BE08F1E8E301D00A5D339 /* CachedImageView.swift in Sources */ = {isa = PBXBuildFile; fileRef = 680BE08E1E8E301D00A5D339 /* CachedImageView.swift */; };
		680C20661EA5C9F400757608 /* ActiveLinkCell.xib in Resources */ = {isa = PBXBuildFile; fileRef = 680C20651EA5C9F400757608 /* ActiveLinkCell.xib */; };
		680C20681EA5CB0D00757608 /* ActiveLinkCell.swift in Sources */ = {isa = PBXBuildFile; fileRef = 680C20671EA5CB0D00757608 /* ActiveLinkCell.swift */; };
		680C8A131EB32111004CDC5E /* ContainerTableViewCell.swift in Sources */ = {isa = PBXBuildFile; fileRef = 680C8A121EB32111004CDC5E /* ContainerTableViewCell.swift */; };
		680C8A151EB323E0004CDC5E /* TextFieldView.swift in Sources */ = {isa = PBXBuildFile; fileRef = 680C8A141EB323E0004CDC5E /* TextFieldView.swift */; };
		680C8A171EB3321B004CDC5E /* TextViewView.swift in Sources */ = {isa = PBXBuildFile; fileRef = 680C8A161EB3321B004CDC5E /* TextViewView.swift */; };
		680CA5251EA5DEB8006A735E /* MITSectionHeaderView.swift in Sources */ = {isa = PBXBuildFile; fileRef = 680CA5241EA5DEB8006A735E /* MITSectionHeaderView.swift */; };
		680CA52B1EA5F36E006A735E /* MITSectionHeaderView.xib in Resources */ = {isa = PBXBuildFile; fileRef = 680CA52A1EA5F36E006A735E /* MITSectionHeaderView.xib */; };
		680CA52D1EA5FCAA006A735E /* MITNoteCell.xib in Resources */ = {isa = PBXBuildFile; fileRef = 680CA52C1EA5FCAA006A735E /* MITNoteCell.xib */; };
		680CA52F1EA5FD3A006A735E /* MITNoteCell.swift in Sources */ = {isa = PBXBuildFile; fileRef = 680CA52E1EA5FD3A006A735E /* MITNoteCell.swift */; };
		680CEB991E9F670E009ED223 /* VimeoConnector.swift in Sources */ = {isa = PBXBuildFile; fileRef = 680CEB981E9F670E009ED223 /* VimeoConnector.swift */; };
		680D1F821EBA7D97006EF6F0 /* TableViews.swift in Sources */ = {isa = PBXBuildFile; fileRef = 680D1F811EBA7D97006EF6F0 /* TableViews.swift */; };
		680D81981EEF1F770019AC4F /* Strings.swift in Sources */ = {isa = PBXBuildFile; fileRef = 680D81971EEF1F770019AC4F /* Strings.swift */; };
		680F9BEA1EC6F3AE00C920B4 /* ShareAlertSheet.swift in Sources */ = {isa = PBXBuildFile; fileRef = 680F9BE91EC6F3AD00C920B4 /* ShareAlertSheet.swift */; };
		680FC6761EBC07A900FED470 /* InterviewingSection.swift in Sources */ = {isa = PBXBuildFile; fileRef = 680FC6751EBC07A900FED470 /* InterviewingSection.swift */; };
		680FC6781EBC07C600FED470 /* CreateTopicSection.swift in Sources */ = {isa = PBXBuildFile; fileRef = 680FC6771EBC07C600FED470 /* CreateTopicSection.swift */; };
		680FC67C1EBC5D3C00FED470 /* MomentList.swift in Sources */ = {isa = PBXBuildFile; fileRef = 680FC67B1EBC5D3C00FED470 /* MomentList.swift */; };
		6810B19A1EB424CB00B9EE7D /* ProfileImageView.swift in Sources */ = {isa = PBXBuildFile; fileRef = 6810B1991EB424CB00B9EE7D /* ProfileImageView.swift */; };
		6810B19C1EB43FAF00B9EE7D /* MITContainerTableViewCell.swift in Sources */ = {isa = PBXBuildFile; fileRef = 6810B19B1EB43FAF00B9EE7D /* MITContainerTableViewCell.swift */; };
		6811A1E61E826E9C006362E8 /* CommunityController.swift in Sources */ = {isa = PBXBuildFile; fileRef = 6811A1E51E826E9C006362E8 /* CommunityController.swift */; };
		6811A1E81E826EB2006362E8 /* MyMomentsController.swift in Sources */ = {isa = PBXBuildFile; fileRef = 6811A1E71E826EB2006362E8 /* MyMomentsController.swift */; };
		6811AE1F1EAC763E004386E4 /* SpinnerCell.swift in Sources */ = {isa = PBXBuildFile; fileRef = 6811AE1E1EAC763E004386E4 /* SpinnerCell.swift */; };
		6812B6D51ED64A71003E3862 /* TermsOfServiceController.swift in Sources */ = {isa = PBXBuildFile; fileRef = 6812B6D41ED64A71003E3862 /* TermsOfServiceController.swift */; };
		6812B6D71ED64B1B003E3862 /* TermsOfServiceAcceptAlertView.swift in Sources */ = {isa = PBXBuildFile; fileRef = 6812B6D61ED64B1B003E3862 /* TermsOfServiceAcceptAlertView.swift */; };
		681369F91EF79E5E00329FD0 /* ContactInviteAlert.swift in Sources */ = {isa = PBXBuildFile; fileRef = 681369F81EF79E5E00329FD0 /* ContactInviteAlert.swift */; };
		681549C21EDA437300FE0639 /* MITHeaderView.swift in Sources */ = {isa = PBXBuildFile; fileRef = 681549C11EDA437300FE0639 /* MITHeaderView.swift */; };
		681549C41EDA467700FE0639 /* ShareLiveMomentHeaderView.swift in Sources */ = {isa = PBXBuildFile; fileRef = 681549C31EDA467700FE0639 /* ShareLiveMomentHeaderView.swift */; };
		6818D45F1EEE0292005862E6 /* BackgroundUploadAlbumSessionManager.swift in Sources */ = {isa = PBXBuildFile; fileRef = 6818D45E1EEE0292005862E6 /* BackgroundUploadAlbumSessionManager.swift */; };
		681B45311ED0045F00C18893 /* HowAreWeDoingAlertView.swift in Sources */ = {isa = PBXBuildFile; fileRef = 681B45301ED0045E00C18893 /* HowAreWeDoingAlertView.swift */; };
		6821AE211FE7DEC900A40F36 /* TermsPageContainerController.swift in Sources */ = {isa = PBXBuildFile; fileRef = 6821AE201FE7DEC800A40F36 /* TermsPageContainerController.swift */; };
		6825E1371EA1F9B7003DEF20 /* MITMomentCollectionViewAdapter.swift in Sources */ = {isa = PBXBuildFile; fileRef = 6825E1361EA1F9B7003DEF20 /* MITMomentCollectionViewAdapter.swift */; };
		6825E1391EA20525003DEF20 /* ContainerCell.swift in Sources */ = {isa = PBXBuildFile; fileRef = 6825E1381EA20525003DEF20 /* ContainerCell.swift */; };
		6825E13D1EA2119F003DEF20 /* MITTextActionView.swift in Sources */ = {isa = PBXBuildFile; fileRef = 6825E13C1EA2119F003DEF20 /* MITTextActionView.swift */; };
		6829C5EC1FE22968008B8D08 /* MITDocuments.swift in Sources */ = {isa = PBXBuildFile; fileRef = 6829C5EB1FE22968008B8D08 /* MITDocuments.swift */; };
		6829C5EE1FE22C4F008B8D08 /* PrivacyPolicyController.swift in Sources */ = {isa = PBXBuildFile; fileRef = 6829C5ED1FE22C4F008B8D08 /* PrivacyPolicyController.swift */; };
		6829C5F11FE22E2E008B8D08 /* WebViewController.swift in Sources */ = {isa = PBXBuildFile; fileRef = 6829C5F01FE22E2E008B8D08 /* WebViewController.swift */; };
		6829C5F31FE233CB008B8D08 /* PrivacyPolicyAcceptAlertView.swift in Sources */ = {isa = PBXBuildFile; fileRef = 6829C5F21FE233CB008B8D08 /* PrivacyPolicyAcceptAlertView.swift */; };
		6829C5F41FE23F95008B8D08 /* terms_of_use.docx in Resources */ = {isa = PBXBuildFile; fileRef = 6829C5E91FE22564008B8D08 /* terms_of_use.docx */; };
		6829C5F51FE23FA4008B8D08 /* privacy_policy.docx in Resources */ = {isa = PBXBuildFile; fileRef = 6829C5EA1FE2258A008B8D08 /* privacy_policy.docx */; };
		683B361E1EC6F67300F68A8C /* InterviewInviteAlertSheet.swift in Sources */ = {isa = PBXBuildFile; fileRef = 683B361D1EC6F67300F68A8C /* InterviewInviteAlertSheet.swift */; };
		683B36201EC6F96F00F68A8C /* CommunityMomentOptionsAlertSheet.swift in Sources */ = {isa = PBXBuildFile; fileRef = 683B361F1EC6F96F00F68A8C /* CommunityMomentOptionsAlertSheet.swift */; };
		6849EADF1EBD50E700B2E751 /* Assistant.swift in Sources */ = {isa = PBXBuildFile; fileRef = 6849EADE1EBD50E700B2E751 /* Assistant.swift */; };
		686079591ED9014500FD7260 /* WelcomeHeaderView.swift in Sources */ = {isa = PBXBuildFile; fileRef = 686079581ED9014500FD7260 /* WelcomeHeaderView.swift */; };
		687145A81EA082C800773E1F /* Delay.swift in Sources */ = {isa = PBXBuildFile; fileRef = 687145A71EA082C800773E1F /* Delay.swift */; };
		6876033D1EBEFF7100B04729 /* BouncingCollectionViewCell.swift in Sources */ = {isa = PBXBuildFile; fileRef = 6876033C1EBEFF7100B04729 /* BouncingCollectionViewCell.swift */; };
		68780FF31EAC76EE009DBF34 /* SpinnerCell.xib in Resources */ = {isa = PBXBuildFile; fileRef = 68780FF21EAC76EE009DBF34 /* SpinnerCell.xib */; };
		687E238E1EC9709600BDF987 /* BackgroundUploadSessionManager.swift in Sources */ = {isa = PBXBuildFile; fileRef = 687E238D1EC9709600BDF987 /* BackgroundUploadSessionManager.swift */; };
		687E23901EC970EE00BDF987 /* BackgroundUploadCompleteSessionManager.swift in Sources */ = {isa = PBXBuildFile; fileRef = 687E238F1EC970EE00BDF987 /* BackgroundUploadCompleteSessionManager.swift */; };
		687E23921EC9718200BDF987 /* BackgroundUploadVideoMetadataSessionManager.swift in Sources */ = {isa = PBXBuildFile; fileRef = 687E23911EC9718200BDF987 /* BackgroundUploadVideoMetadataSessionManager.swift */; };
		688E5D0B1EA7152A00BF258F /* NewMomentSetting.swift in Sources */ = {isa = PBXBuildFile; fileRef = 688E5D0A1EA7152A00BF258F /* NewMomentSetting.swift */; };
		688E5D0D1EA74A2C00BF258F /* Note.swift in Sources */ = {isa = PBXBuildFile; fileRef = 688E5D0C1EA74A2C00BF258F /* Note.swift */; };
		688E5D0F1EA883BA00BF258F /* Alerts.swift in Sources */ = {isa = PBXBuildFile; fileRef = 688E5D0E1EA883BA00BF258F /* Alerts.swift */; };
		688E998D1EB07D1200AEF2F7 /* NewNoteController.swift in Sources */ = {isa = PBXBuildFile; fileRef = 688E998C1EB07D1200AEF2F7 /* NewNoteController.swift */; };
		688E998F1EB07D2E00AEF2F7 /* CreateTopicController.swift in Sources */ = {isa = PBXBuildFile; fileRef = 688E998E1EB07D2E00AEF2F7 /* CreateTopicController.swift */; };
		688E99911EB07D3B00AEF2F7 /* InterviewingController.swift in Sources */ = {isa = PBXBuildFile; fileRef = 688E99901EB07D3B00AEF2F7 /* InterviewingController.swift */; };
		68C0682A1EA0924B0037D4A3 /* NewMomentController.swift in Sources */ = {isa = PBXBuildFile; fileRef = 68C068291EA0924B0037D4A3 /* NewMomentController.swift */; };
		68E580591EA37504002E8C6A /* TextActionView.swift in Sources */ = {isa = PBXBuildFile; fileRef = 68E580581EA37504002E8C6A /* TextActionView.swift */; };
		68EB8FEE1E824DE100C1B320 /* Fonts.swift in Sources */ = {isa = PBXBuildFile; fileRef = 68EB8FED1E824DE100C1B320 /* Fonts.swift */; };
		68EB8FF01E824E2800C1B320 /* Colors.swift in Sources */ = {isa = PBXBuildFile; fileRef = 68EB8FEF1E824E2800C1B320 /* Colors.swift */; };
		68EB8FF51E825A3C00C1B320 /* MITTabBar.swift in Sources */ = {isa = PBXBuildFile; fileRef = 68EB8FF41E825A3C00C1B320 /* MITTabBar.swift */; };
		68EC740C1EB2DA330048DAD2 /* KeyboardMover.swift in Sources */ = {isa = PBXBuildFile; fileRef = 68EC740B1EB2DA330048DAD2 /* KeyboardMover.swift */; };
		68EC740E1EB2EB900048DAD2 /* ScrollViews.swift in Sources */ = {isa = PBXBuildFile; fileRef = 68EC740D1EB2EB900048DAD2 /* ScrollViews.swift */; };
		68FD97B51EB7DD140070C3B4 /* ImageViews.swift in Sources */ = {isa = PBXBuildFile; fileRef = 68FD97B41EB7DD140070C3B4 /* ImageViews.swift */; };
		68FD97B71EB82C3C0070C3B4 /* FileManager.swift in Sources */ = {isa = PBXBuildFile; fileRef = 68FD97B61EB82C3C0070C3B4 /* FileManager.swift */; };
		7CB5F5B1B5E790D27F010AAB /* Pods_MomentsInTime.framework in Frameworks */ = {isa = PBXBuildFile; fileRef = 97AA476620D69F4F27C04D67 /* Pods_MomentsInTime.framework */; };
		D31A1B081EF0FFC8005F7F3E /* Pulsar.swift in Sources */ = {isa = PBXBuildFile; fileRef = D31A1B071EF0FFC8005F7F3E /* Pulsar.swift */; };
		D332E6471E80BE6C00778462 /* AppDelegate.swift in Sources */ = {isa = PBXBuildFile; fileRef = D332E6461E80BE6C00778462 /* AppDelegate.swift */; };
		D332E64C1E80BE6C00778462 /* Main.storyboard in Resources */ = {isa = PBXBuildFile; fileRef = D332E64A1E80BE6C00778462 /* Main.storyboard */; };
		D332E64E1E80BE6C00778462 /* Assets.xcassets in Resources */ = {isa = PBXBuildFile; fileRef = D332E64D1E80BE6C00778462 /* Assets.xcassets */; };
		D332E6511E80BE6C00778462 /* LaunchScreen.storyboard in Resources */ = {isa = PBXBuildFile; fileRef = D332E64F1E80BE6C00778462 /* LaunchScreen.storyboard */; };
		D332E65C1E80BE6C00778462 /* MomentsInTimeTests.swift in Sources */ = {isa = PBXBuildFile; fileRef = D332E65B1E80BE6C00778462 /* MomentsInTimeTests.swift */; };
		D332E6671E80BE6D00778462 /* MomentsInTimeUITests.swift in Sources */ = {isa = PBXBuildFile; fileRef = D332E6661E80BE6D00778462 /* MomentsInTimeUITests.swift */; };
		D34A94191EC5310A008A77F1 /* default_topics.json in Resources */ = {isa = PBXBuildFile; fileRef = D34A94181EC5310A008A77F1 /* default_topics.json */; };
		D34A941B1EC535FB008A77F1 /* Topic.swift in Sources */ = {isa = PBXBuildFile; fileRef = D34A941A1EC535FB008A77F1 /* Topic.swift */; };
		D34A941D1EC6919B008A77F1 /* ComingSoonAlertView.swift in Sources */ = {isa = PBXBuildFile; fileRef = D34A941C1EC6919B008A77F1 /* ComingSoonAlertView.swift */; };
/* End PBXBuildFile section */

/* Begin PBXContainerItemProxy section */
		D332E6581E80BE6C00778462 /* PBXContainerItemProxy */ = {
			isa = PBXContainerItemProxy;
			containerPortal = D332E63B1E80BE6C00778462 /* Project object */;
			proxyType = 1;
			remoteGlobalIDString = D332E6421E80BE6C00778462;
			remoteInfo = MomentsInTime;
		};
		D332E6631E80BE6C00778462 /* PBXContainerItemProxy */ = {
			isa = PBXContainerItemProxy;
			containerPortal = D332E63B1E80BE6C00778462 /* Project object */;
			proxyType = 1;
			remoteGlobalIDString = D332E6421E80BE6C00778462;
			remoteInfo = MomentsInTime;
		};
/* End PBXContainerItemProxy section */

/* Begin PBXFileReference section */
		5AF90A00C1ADFC15EA716E9A /* Pods-MomentsInTime.release.xcconfig */ = {isa = PBXFileReference; includeInIndex = 1; lastKnownFileType = text.xcconfig; name = "Pods-MomentsInTime.release.xcconfig"; path = "Pods/Target Support Files/Pods-MomentsInTime/Pods-MomentsInTime.release.xcconfig"; sourceTree = "<group>"; };
		6804A0CB1EAAE70A0012193C /* AVKit.framework */ = {isa = PBXFileReference; lastKnownFileType = wrapper.framework; name = AVKit.framework; path = System/Library/Frameworks/AVKit.framework; sourceTree = SDKROOT; };
		6804A0CD1EAAFEB90012193C /* CameraMan.swift */ = {isa = PBXFileReference; fileEncoding = 4; lastKnownFileType = sourcecode.swift; path = CameraMan.swift; sourceTree = "<group>"; };
		680693C61EC182CE003D9F2C /* BlinkingView.swift */ = {isa = PBXFileReference; fileEncoding = 4; lastKnownFileType = sourcecode.swift; path = BlinkingView.swift; sourceTree = "<group>"; };
		68087C4E1EFC5879008B20BC /* UploadConfirmationAlertView.swift */ = {isa = PBXFileReference; fileEncoding = 4; lastKnownFileType = sourcecode.swift; path = UploadConfirmationAlertView.swift; sourceTree = "<group>"; };
		68087C501EFC638A008B20BC /* EditVideoAlertView.swift */ = {isa = PBXFileReference; fileEncoding = 4; lastKnownFileType = sourcecode.swift; path = EditVideoAlertView.swift; sourceTree = "<group>"; };
		6808D9DE1EC58100005B341B /* TopicController.swift */ = {isa = PBXFileReference; fileEncoding = 4; lastKnownFileType = sourcecode.swift; path = TopicController.swift; sourceTree = "<group>"; };
		6808D9E01EC592C6005B341B /* TopicHeaderSection.swift */ = {isa = PBXFileReference; fileEncoding = 4; lastKnownFileType = sourcecode.swift; path = TopicHeaderSection.swift; sourceTree = "<group>"; };
		6808D9E21EC59E20005B341B /* MomentStatus.swift */ = {isa = PBXFileReference; fileEncoding = 4; lastKnownFileType = sourcecode.swift; path = MomentStatus.swift; sourceTree = "<group>"; };
		680922821EB51DB200CD1F6D /* MITCircleImageView.swift */ = {isa = PBXFileReference; fileEncoding = 4; lastKnownFileType = sourcecode.swift; path = MITCircleImageView.swift; sourceTree = "<group>"; };
		680929CB1EB7C90200542D1D /* VideoPreviewCell.xib */ = {isa = PBXFileReference; fileEncoding = 4; lastKnownFileType = file.xib; path = VideoPreviewCell.xib; sourceTree = "<group>"; };
		680929CD1EB7CBA600542D1D /* VideoPreviewCell.swift */ = {isa = PBXFileReference; fileEncoding = 4; lastKnownFileType = sourcecode.swift; path = VideoPreviewCell.swift; sourceTree = "<group>"; };
		6809BF171EB70E0200A9E942 /* BouncingTableViewCell.swift */ = {isa = PBXFileReference; fileEncoding = 4; lastKnownFileType = sourcecode.swift; path = BouncingTableViewCell.swift; sourceTree = "<group>"; };
		6809BF191EB7564000A9E942 /* ImageTitleSubtitleCell.xib */ = {isa = PBXFileReference; fileEncoding = 4; lastKnownFileType = file.xib; path = ImageTitleSubtitleCell.xib; sourceTree = "<group>"; };
		6809BF1B1EB7566300A9E942 /* ImageTitleSubtitleCell.swift */ = {isa = PBXFileReference; fileEncoding = 4; lastKnownFileType = sourcecode.swift; path = ImageTitleSubtitleCell.swift; sourceTree = "<group>"; };
		6809C1911EB5CACB0015C69A /* Moment.swift */ = {isa = PBXFileReference; fileEncoding = 4; lastKnownFileType = sourcecode.swift; path = Moment.swift; sourceTree = "<group>"; };
		6809C1931EB5E14F0015C69A /* Subject.swift */ = {isa = PBXFileReference; fileEncoding = 4; lastKnownFileType = sourcecode.swift; path = Subject.swift; sourceTree = "<group>"; };
		680BE07A1E8E204000A5D339 /* MomentCell.xib */ = {isa = PBXFileReference; fileEncoding = 4; lastKnownFileType = file.xib; path = MomentCell.xib; sourceTree = "<group>"; };
		680BE07C1E8E20A200A5D339 /* MomentCell.swift */ = {isa = PBXFileReference; fileEncoding = 4; lastKnownFileType = sourcecode.swift; path = MomentCell.swift; sourceTree = "<group>"; };
		680BE07E1E8E2C9500A5D339 /* Views.swift */ = {isa = PBXFileReference; fileEncoding = 4; lastKnownFileType = sourcecode.swift; path = Views.swift; sourceTree = "<group>"; };
		680BE0801E8E2C9D00A5D339 /* ViewControllers.swift */ = {isa = PBXFileReference; fileEncoding = 4; lastKnownFileType = sourcecode.swift; path = ViewControllers.swift; sourceTree = "<group>"; };
		680BE0831E8E2D7200A5D339 /* Video.swift */ = {isa = PBXFileReference; fileEncoding = 4; lastKnownFileType = sourcecode.swift; path = Video.swift; sourceTree = "<group>"; };
		680BE0871E8E2E9B00A5D339 /* VideoRouter.swift */ = {isa = PBXFileReference; fileEncoding = 4; lastKnownFileType = sourcecode.swift; path = VideoRouter.swift; sourceTree = "<group>"; xcLanguageSpecificationIdentifier = xcode.lang.swift; };
		680BE0881E8E2E9B00A5D339 /* UploadRouter.swift */ = {isa = PBXFileReference; fileEncoding = 4; lastKnownFileType = sourcecode.swift; path = UploadRouter.swift; sourceTree = "<group>"; };
		680BE08C1E8E2FE700A5D339 /* BouncingButton.swift */ = {isa = PBXFileReference; fileEncoding = 4; lastKnownFileType = sourcecode.swift; path = BouncingButton.swift; sourceTree = "<group>"; };
		680BE08E1E8E301D00A5D339 /* CachedImageView.swift */ = {isa = PBXFileReference; fileEncoding = 4; lastKnownFileType = sourcecode.swift; path = CachedImageView.swift; sourceTree = "<group>"; };
		680C20651EA5C9F400757608 /* ActiveLinkCell.xib */ = {isa = PBXFileReference; fileEncoding = 4; lastKnownFileType = file.xib; path = ActiveLinkCell.xib; sourceTree = "<group>"; };
		680C20671EA5CB0D00757608 /* ActiveLinkCell.swift */ = {isa = PBXFileReference; fileEncoding = 4; lastKnownFileType = sourcecode.swift; path = ActiveLinkCell.swift; sourceTree = "<group>"; };
		680C8A121EB32111004CDC5E /* ContainerTableViewCell.swift */ = {isa = PBXFileReference; fileEncoding = 4; lastKnownFileType = sourcecode.swift; path = ContainerTableViewCell.swift; sourceTree = "<group>"; };
		680C8A141EB323E0004CDC5E /* TextFieldView.swift */ = {isa = PBXFileReference; fileEncoding = 4; lastKnownFileType = sourcecode.swift; path = TextFieldView.swift; sourceTree = "<group>"; };
		680C8A161EB3321B004CDC5E /* TextViewView.swift */ = {isa = PBXFileReference; fileEncoding = 4; lastKnownFileType = sourcecode.swift; path = TextViewView.swift; sourceTree = "<group>"; };
		680CA5241EA5DEB8006A735E /* MITSectionHeaderView.swift */ = {isa = PBXFileReference; fileEncoding = 4; lastKnownFileType = sourcecode.swift; path = MITSectionHeaderView.swift; sourceTree = "<group>"; };
		680CA52A1EA5F36E006A735E /* MITSectionHeaderView.xib */ = {isa = PBXFileReference; fileEncoding = 4; lastKnownFileType = file.xib; path = MITSectionHeaderView.xib; sourceTree = "<group>"; };
		680CA52C1EA5FCAA006A735E /* MITNoteCell.xib */ = {isa = PBXFileReference; fileEncoding = 4; lastKnownFileType = file.xib; path = MITNoteCell.xib; sourceTree = "<group>"; };
		680CA52E1EA5FD3A006A735E /* MITNoteCell.swift */ = {isa = PBXFileReference; fileEncoding = 4; lastKnownFileType = sourcecode.swift; path = MITNoteCell.swift; sourceTree = "<group>"; };
		680CEB981E9F670E009ED223 /* VimeoConnector.swift */ = {isa = PBXFileReference; fileEncoding = 4; lastKnownFileType = sourcecode.swift; path = VimeoConnector.swift; sourceTree = "<group>"; };
		680D1F811EBA7D97006EF6F0 /* TableViews.swift */ = {isa = PBXFileReference; fileEncoding = 4; lastKnownFileType = sourcecode.swift; path = TableViews.swift; sourceTree = "<group>"; };
		680D81971EEF1F770019AC4F /* Strings.swift */ = {isa = PBXFileReference; fileEncoding = 4; lastKnownFileType = sourcecode.swift; path = Strings.swift; sourceTree = "<group>"; };
		680F9BE91EC6F3AD00C920B4 /* ShareAlertSheet.swift */ = {isa = PBXFileReference; fileEncoding = 4; lastKnownFileType = sourcecode.swift; path = ShareAlertSheet.swift; sourceTree = "<group>"; };
		680FC6751EBC07A900FED470 /* InterviewingSection.swift */ = {isa = PBXFileReference; fileEncoding = 4; lastKnownFileType = sourcecode.swift; path = InterviewingSection.swift; sourceTree = "<group>"; };
		680FC6771EBC07C600FED470 /* CreateTopicSection.swift */ = {isa = PBXFileReference; fileEncoding = 4; lastKnownFileType = sourcecode.swift; path = CreateTopicSection.swift; sourceTree = "<group>"; };
		680FC67B1EBC5D3C00FED470 /* MomentList.swift */ = {isa = PBXFileReference; fileEncoding = 4; lastKnownFileType = sourcecode.swift; path = MomentList.swift; sourceTree = "<group>"; };
		6810B1991EB424CB00B9EE7D /* ProfileImageView.swift */ = {isa = PBXFileReference; fileEncoding = 4; lastKnownFileType = sourcecode.swift; path = ProfileImageView.swift; sourceTree = "<group>"; };
		6810B19B1EB43FAF00B9EE7D /* MITContainerTableViewCell.swift */ = {isa = PBXFileReference; fileEncoding = 4; lastKnownFileType = sourcecode.swift; path = MITContainerTableViewCell.swift; sourceTree = "<group>"; };
		6811A1E51E826E9C006362E8 /* CommunityController.swift */ = {isa = PBXFileReference; fileEncoding = 4; lastKnownFileType = sourcecode.swift; path = CommunityController.swift; sourceTree = "<group>"; };
		6811A1E71E826EB2006362E8 /* MyMomentsController.swift */ = {isa = PBXFileReference; fileEncoding = 4; lastKnownFileType = sourcecode.swift; path = MyMomentsController.swift; sourceTree = "<group>"; };
		6811AE1E1EAC763E004386E4 /* SpinnerCell.swift */ = {isa = PBXFileReference; fileEncoding = 4; lastKnownFileType = sourcecode.swift; path = SpinnerCell.swift; sourceTree = "<group>"; };
		6812B6D41ED64A71003E3862 /* TermsOfServiceController.swift */ = {isa = PBXFileReference; fileEncoding = 4; lastKnownFileType = sourcecode.swift; path = TermsOfServiceController.swift; sourceTree = "<group>"; };
		6812B6D61ED64B1B003E3862 /* TermsOfServiceAcceptAlertView.swift */ = {isa = PBXFileReference; fileEncoding = 4; lastKnownFileType = sourcecode.swift; path = TermsOfServiceAcceptAlertView.swift; sourceTree = "<group>"; };
		681369F81EF79E5E00329FD0 /* ContactInviteAlert.swift */ = {isa = PBXFileReference; fileEncoding = 4; lastKnownFileType = sourcecode.swift; path = ContactInviteAlert.swift; sourceTree = "<group>"; };
		681549C11EDA437300FE0639 /* MITHeaderView.swift */ = {isa = PBXFileReference; fileEncoding = 4; lastKnownFileType = sourcecode.swift; path = MITHeaderView.swift; sourceTree = "<group>"; };
		681549C31EDA467700FE0639 /* ShareLiveMomentHeaderView.swift */ = {isa = PBXFileReference; fileEncoding = 4; lastKnownFileType = sourcecode.swift; path = ShareLiveMomentHeaderView.swift; sourceTree = "<group>"; };
		6818D45E1EEE0292005862E6 /* BackgroundUploadAlbumSessionManager.swift */ = {isa = PBXFileReference; fileEncoding = 4; lastKnownFileType = sourcecode.swift; path = BackgroundUploadAlbumSessionManager.swift; sourceTree = "<group>"; };
		681B45301ED0045E00C18893 /* HowAreWeDoingAlertView.swift */ = {isa = PBXFileReference; fileEncoding = 4; lastKnownFileType = sourcecode.swift; path = HowAreWeDoingAlertView.swift; sourceTree = "<group>"; };
		6821AE201FE7DEC800A40F36 /* TermsPageContainerController.swift */ = {isa = PBXFileReference; lastKnownFileType = sourcecode.swift; path = TermsPageContainerController.swift; sourceTree = "<group>"; };
		6825E1361EA1F9B7003DEF20 /* MITMomentCollectionViewAdapter.swift */ = {isa = PBXFileReference; fileEncoding = 4; lastKnownFileType = sourcecode.swift; path = MITMomentCollectionViewAdapter.swift; sourceTree = "<group>"; };
		6825E1381EA20525003DEF20 /* ContainerCell.swift */ = {isa = PBXFileReference; fileEncoding = 4; lastKnownFileType = sourcecode.swift; path = ContainerCell.swift; sourceTree = "<group>"; };
		6825E13C1EA2119F003DEF20 /* MITTextActionView.swift */ = {isa = PBXFileReference; fileEncoding = 4; lastKnownFileType = sourcecode.swift; path = MITTextActionView.swift; sourceTree = "<group>"; };
		6829C5E91FE22564008B8D08 /* terms_of_use.docx */ = {isa = PBXFileReference; lastKnownFileType = file; path = terms_of_use.docx; sourceTree = "<group>"; };
		6829C5EA1FE2258A008B8D08 /* privacy_policy.docx */ = {isa = PBXFileReference; lastKnownFileType = file; path = privacy_policy.docx; sourceTree = "<group>"; };
		6829C5EB1FE22968008B8D08 /* MITDocuments.swift */ = {isa = PBXFileReference; lastKnownFileType = sourcecode.swift; path = MITDocuments.swift; sourceTree = "<group>"; };
		6829C5ED1FE22C4F008B8D08 /* PrivacyPolicyController.swift */ = {isa = PBXFileReference; lastKnownFileType = sourcecode.swift; path = PrivacyPolicyController.swift; sourceTree = "<group>"; };
		6829C5EF1FE22C7E008B8D08 /* WebKit.framework */ = {isa = PBXFileReference; lastKnownFileType = wrapper.framework; name = WebKit.framework; path = System/Library/Frameworks/WebKit.framework; sourceTree = SDKROOT; };
		6829C5F01FE22E2E008B8D08 /* WebViewController.swift */ = {isa = PBXFileReference; lastKnownFileType = sourcecode.swift; path = WebViewController.swift; sourceTree = "<group>"; };
		6829C5F21FE233CB008B8D08 /* PrivacyPolicyAcceptAlertView.swift */ = {isa = PBXFileReference; lastKnownFileType = sourcecode.swift; path = PrivacyPolicyAcceptAlertView.swift; sourceTree = "<group>"; };
		683B361D1EC6F67300F68A8C /* InterviewInviteAlertSheet.swift */ = {isa = PBXFileReference; fileEncoding = 4; lastKnownFileType = sourcecode.swift; path = InterviewInviteAlertSheet.swift; sourceTree = "<group>"; };
		683B361F1EC6F96F00F68A8C /* CommunityMomentOptionsAlertSheet.swift */ = {isa = PBXFileReference; fileEncoding = 4; lastKnownFileType = sourcecode.swift; path = CommunityMomentOptionsAlertSheet.swift; sourceTree = "<group>"; };
		6849EADE1EBD50E700B2E751 /* Assistant.swift */ = {isa = PBXFileReference; fileEncoding = 4; lastKnownFileType = sourcecode.swift; path = Assistant.swift; sourceTree = "<group>"; };
		686079581ED9014500FD7260 /* WelcomeHeaderView.swift */ = {isa = PBXFileReference; fileEncoding = 4; lastKnownFileType = sourcecode.swift; path = WelcomeHeaderView.swift; sourceTree = "<group>"; };
		687145A71EA082C800773E1F /* Delay.swift */ = {isa = PBXFileReference; fileEncoding = 4; lastKnownFileType = sourcecode.swift; path = Delay.swift; sourceTree = "<group>"; };
		6876033C1EBEFF7100B04729 /* BouncingCollectionViewCell.swift */ = {isa = PBXFileReference; fileEncoding = 4; lastKnownFileType = sourcecode.swift; path = BouncingCollectionViewCell.swift; sourceTree = "<group>"; };
		68780FF21EAC76EE009DBF34 /* SpinnerCell.xib */ = {isa = PBXFileReference; fileEncoding = 4; lastKnownFileType = file.xib; path = SpinnerCell.xib; sourceTree = "<group>"; };
		687E238D1EC9709600BDF987 /* BackgroundUploadSessionManager.swift */ = {isa = PBXFileReference; fileEncoding = 4; lastKnownFileType = sourcecode.swift; path = BackgroundUploadSessionManager.swift; sourceTree = "<group>"; };
		687E238F1EC970EE00BDF987 /* BackgroundUploadCompleteSessionManager.swift */ = {isa = PBXFileReference; fileEncoding = 4; lastKnownFileType = sourcecode.swift; path = BackgroundUploadCompleteSessionManager.swift; sourceTree = "<group>"; };
		687E23911EC9718200BDF987 /* BackgroundUploadVideoMetadataSessionManager.swift */ = {isa = PBXFileReference; fileEncoding = 4; lastKnownFileType = sourcecode.swift; path = BackgroundUploadVideoMetadataSessionManager.swift; sourceTree = "<group>"; };
		688E5D0A1EA7152A00BF258F /* NewMomentSetting.swift */ = {isa = PBXFileReference; fileEncoding = 4; lastKnownFileType = sourcecode.swift; path = NewMomentSetting.swift; sourceTree = "<group>"; };
		688E5D0C1EA74A2C00BF258F /* Note.swift */ = {isa = PBXFileReference; fileEncoding = 4; lastKnownFileType = sourcecode.swift; path = Note.swift; sourceTree = "<group>"; };
		688E5D0E1EA883BA00BF258F /* Alerts.swift */ = {isa = PBXFileReference; fileEncoding = 4; lastKnownFileType = sourcecode.swift; path = Alerts.swift; sourceTree = "<group>"; };
		688E998C1EB07D1200AEF2F7 /* NewNoteController.swift */ = {isa = PBXFileReference; fileEncoding = 4; lastKnownFileType = sourcecode.swift; path = NewNoteController.swift; sourceTree = "<group>"; };
		688E998E1EB07D2E00AEF2F7 /* CreateTopicController.swift */ = {isa = PBXFileReference; fileEncoding = 4; lastKnownFileType = sourcecode.swift; path = CreateTopicController.swift; sourceTree = "<group>"; };
		688E99901EB07D3B00AEF2F7 /* InterviewingController.swift */ = {isa = PBXFileReference; fileEncoding = 4; lastKnownFileType = sourcecode.swift; path = InterviewingController.swift; sourceTree = "<group>"; };
		68C068291EA0924B0037D4A3 /* NewMomentController.swift */ = {isa = PBXFileReference; fileEncoding = 4; lastKnownFileType = sourcecode.swift; path = NewMomentController.swift; sourceTree = "<group>"; };
		68E580581EA37504002E8C6A /* TextActionView.swift */ = {isa = PBXFileReference; fileEncoding = 4; lastKnownFileType = sourcecode.swift; path = TextActionView.swift; sourceTree = "<group>"; };
		68EB8FED1E824DE100C1B320 /* Fonts.swift */ = {isa = PBXFileReference; fileEncoding = 4; lastKnownFileType = sourcecode.swift; path = Fonts.swift; sourceTree = "<group>"; };
		68EB8FEF1E824E2800C1B320 /* Colors.swift */ = {isa = PBXFileReference; fileEncoding = 4; lastKnownFileType = sourcecode.swift; path = Colors.swift; sourceTree = "<group>"; };
		68EB8FF41E825A3C00C1B320 /* MITTabBar.swift */ = {isa = PBXFileReference; fileEncoding = 4; lastKnownFileType = sourcecode.swift; path = MITTabBar.swift; sourceTree = "<group>"; };
		68EC740B1EB2DA330048DAD2 /* KeyboardMover.swift */ = {isa = PBXFileReference; fileEncoding = 4; lastKnownFileType = sourcecode.swift; path = KeyboardMover.swift; sourceTree = "<group>"; };
		68EC740D1EB2EB900048DAD2 /* ScrollViews.swift */ = {isa = PBXFileReference; fileEncoding = 4; lastKnownFileType = sourcecode.swift; path = ScrollViews.swift; sourceTree = "<group>"; };
		68FD97B41EB7DD140070C3B4 /* ImageViews.swift */ = {isa = PBXFileReference; fileEncoding = 4; lastKnownFileType = sourcecode.swift; path = ImageViews.swift; sourceTree = "<group>"; };
		68FD97B61EB82C3C0070C3B4 /* FileManager.swift */ = {isa = PBXFileReference; fileEncoding = 4; lastKnownFileType = sourcecode.swift; path = FileManager.swift; sourceTree = "<group>"; };
		97AA476620D69F4F27C04D67 /* Pods_MomentsInTime.framework */ = {isa = PBXFileReference; explicitFileType = wrapper.framework; includeInIndex = 0; path = Pods_MomentsInTime.framework; sourceTree = BUILT_PRODUCTS_DIR; };
		D31A1B071EF0FFC8005F7F3E /* Pulsar.swift */ = {isa = PBXFileReference; fileEncoding = 4; lastKnownFileType = sourcecode.swift; path = Pulsar.swift; sourceTree = "<group>"; };
		D332E6431E80BE6C00778462 /* MomentsInTime.app */ = {isa = PBXFileReference; explicitFileType = wrapper.application; includeInIndex = 0; path = MomentsInTime.app; sourceTree = BUILT_PRODUCTS_DIR; };
		D332E6461E80BE6C00778462 /* AppDelegate.swift */ = {isa = PBXFileReference; lastKnownFileType = sourcecode.swift; path = AppDelegate.swift; sourceTree = "<group>"; };
		D332E64B1E80BE6C00778462 /* Base */ = {isa = PBXFileReference; lastKnownFileType = file.storyboard; name = Base; path = Base.lproj/Main.storyboard; sourceTree = "<group>"; };
		D332E64D1E80BE6C00778462 /* Assets.xcassets */ = {isa = PBXFileReference; lastKnownFileType = folder.assetcatalog; path = Assets.xcassets; sourceTree = "<group>"; };
		D332E6501E80BE6C00778462 /* Base */ = {isa = PBXFileReference; lastKnownFileType = file.storyboard; name = Base; path = Base.lproj/LaunchScreen.storyboard; sourceTree = "<group>"; };
		D332E6521E80BE6C00778462 /* Info.plist */ = {isa = PBXFileReference; lastKnownFileType = text.plist.xml; path = Info.plist; sourceTree = "<group>"; };
		D332E6571E80BE6C00778462 /* MomentsInTimeTests.xctest */ = {isa = PBXFileReference; explicitFileType = wrapper.cfbundle; includeInIndex = 0; path = MomentsInTimeTests.xctest; sourceTree = BUILT_PRODUCTS_DIR; };
		D332E65B1E80BE6C00778462 /* MomentsInTimeTests.swift */ = {isa = PBXFileReference; lastKnownFileType = sourcecode.swift; path = MomentsInTimeTests.swift; sourceTree = "<group>"; };
		D332E65D1E80BE6C00778462 /* Info.plist */ = {isa = PBXFileReference; lastKnownFileType = text.plist.xml; path = Info.plist; sourceTree = "<group>"; };
		D332E6621E80BE6C00778462 /* MomentsInTimeUITests.xctest */ = {isa = PBXFileReference; explicitFileType = wrapper.cfbundle; includeInIndex = 0; path = MomentsInTimeUITests.xctest; sourceTree = BUILT_PRODUCTS_DIR; };
		D332E6661E80BE6D00778462 /* MomentsInTimeUITests.swift */ = {isa = PBXFileReference; lastKnownFileType = sourcecode.swift; path = MomentsInTimeUITests.swift; sourceTree = "<group>"; };
		D332E6681E80BE6D00778462 /* Info.plist */ = {isa = PBXFileReference; lastKnownFileType = text.plist.xml; path = Info.plist; sourceTree = "<group>"; };
		D34A94181EC5310A008A77F1 /* default_topics.json */ = {isa = PBXFileReference; fileEncoding = 4; lastKnownFileType = text.json; path = default_topics.json; sourceTree = "<group>"; };
		D34A941A1EC535FB008A77F1 /* Topic.swift */ = {isa = PBXFileReference; fileEncoding = 4; lastKnownFileType = sourcecode.swift; path = Topic.swift; sourceTree = "<group>"; };
		D34A941C1EC6919B008A77F1 /* ComingSoonAlertView.swift */ = {isa = PBXFileReference; fileEncoding = 4; lastKnownFileType = sourcecode.swift; path = ComingSoonAlertView.swift; sourceTree = "<group>"; };
		FE516C52A6259895083808ED /* Pods-MomentsInTime.debug.xcconfig */ = {isa = PBXFileReference; includeInIndex = 1; lastKnownFileType = text.xcconfig; name = "Pods-MomentsInTime.debug.xcconfig"; path = "Pods/Target Support Files/Pods-MomentsInTime/Pods-MomentsInTime.debug.xcconfig"; sourceTree = "<group>"; };
/* End PBXFileReference section */

/* Begin PBXFrameworksBuildPhase section */
		D332E6401E80BE6C00778462 /* Frameworks */ = {
			isa = PBXFrameworksBuildPhase;
			buildActionMask = 2147483647;
			files = (
				6804A0CC1EAAE70A0012193C /* AVKit.framework in Frameworks */,
				7CB5F5B1B5E790D27F010AAB /* Pods_MomentsInTime.framework in Frameworks */,
			);
			runOnlyForDeploymentPostprocessing = 0;
		};
		D332E6541E80BE6C00778462 /* Frameworks */ = {
			isa = PBXFrameworksBuildPhase;
			buildActionMask = 2147483647;
			files = (
			);
			runOnlyForDeploymentPostprocessing = 0;
		};
		D332E65F1E80BE6C00778462 /* Frameworks */ = {
			isa = PBXFrameworksBuildPhase;
			buildActionMask = 2147483647;
			files = (
			);
			runOnlyForDeploymentPostprocessing = 0;
		};
/* End PBXFrameworksBuildPhase section */

/* Begin PBXGroup section */
		680BE0821E8E2D6100A5D339 /* Models */ = {
			isa = PBXGroup;
			children = (
				6808D9E21EC59E20005B341B /* MomentStatus.swift */,
				6809C1911EB5CACB0015C69A /* Moment.swift */,
				680BE0831E8E2D7200A5D339 /* Video.swift */,
				6809C1931EB5E14F0015C69A /* Subject.swift */,
				D34A941A1EC535FB008A77F1 /* Topic.swift */,
				688E5D0C1EA74A2C00BF258F /* Note.swift */,
				680FC67B1EBC5D3C00FED470 /* MomentList.swift */,
			);
			name = Models;
			sourceTree = "<group>";
		};
		680BE0851E8E2E6B00A5D339 /* Networking */ = {
			isa = PBXGroup;
			children = (
				681B453F1ED0086100C18893 /* Connectors */,
				681B453E1ED0085900C18893 /* Routers */,
				687E23931EC9719E00BDF987 /* BackgroundSessionManagers */,
			);
			name = Networking;
			sourceTree = "<group>";
		};
		680D81961EEF1F480019AC4F /* Strings */ = {
			isa = PBXGroup;
			children = (
				680D81971EEF1F770019AC4F /* Strings.swift */,
			);
			name = Strings;
			sourceTree = "<group>";
		};
		6811A1E31E826E63006362E8 /* Community Flow */ = {
			isa = PBXGroup;
			children = (
				6811A1E51E826E9C006362E8 /* CommunityController.swift */,
			);
			name = "Community Flow";
			sourceTree = "<group>";
		};
		6811A1E41E826E6C006362E8 /* My Moments Flow */ = {
			isa = PBXGroup;
			children = (
				6811A1E71E826EB2006362E8 /* MyMomentsController.swift */,
			);
			name = "My Moments Flow";
			sourceTree = "<group>";
		};
		6812B6D31ED64A52003E3862 /* Terms of Service Flow */ = {
			isa = PBXGroup;
			children = (
				6821AE201FE7DEC800A40F36 /* TermsPageContainerController.swift */,
				6812B6D41ED64A71003E3862 /* TermsOfServiceController.swift */,
				6829C5ED1FE22C4F008B8D08 /* PrivacyPolicyController.swift */,
			);
			name = "Terms of Service Flow";
			sourceTree = "<group>";
		};
		681549C51EDAB0A300FE0639 /* HeaderView */ = {
			isa = PBXGroup;
			children = (
				681549C11EDA437300FE0639 /* MITHeaderView.swift */,
				686079581ED9014500FD7260 /* WelcomeHeaderView.swift */,
				681549C31EDA467700FE0639 /* ShareLiveMomentHeaderView.swift */,
			);
			name = HeaderView;
			sourceTree = "<group>";
		};
		681B45321ED004E800C18893 /* Alerts */ = {
			isa = PBXGroup;
			children = (
				688E5D0E1EA883BA00BF258F /* Alerts.swift */,
				683B361F1EC6F96F00F68A8C /* CommunityMomentOptionsAlertSheet.swift */,
				683B361D1EC6F67300F68A8C /* InterviewInviteAlertSheet.swift */,
				680F9BE91EC6F3AD00C920B4 /* ShareAlertSheet.swift */,
				681B45301ED0045E00C18893 /* HowAreWeDoingAlertView.swift */,
				D34A941C1EC6919B008A77F1 /* ComingSoonAlertView.swift */,
				6812B6D61ED64B1B003E3862 /* TermsOfServiceAcceptAlertView.swift */,
				681369F81EF79E5E00329FD0 /* ContactInviteAlert.swift */,
				68087C4E1EFC5879008B20BC /* UploadConfirmationAlertView.swift */,
				68087C501EFC638A008B20BC /* EditVideoAlertView.swift */,
				6829C5F21FE233CB008B8D08 /* PrivacyPolicyAcceptAlertView.swift */,
			);
			name = Alerts;
			sourceTree = "<group>";
		};
		681B45331ED0059400C18893 /* Views */ = {
			isa = PBXGroup;
			children = (
				6810B1991EB424CB00B9EE7D /* ProfileImageView.swift */,
				680C8A161EB3321B004CDC5E /* TextViewView.swift */,
				680CA52A1EA5F36E006A735E /* MITSectionHeaderView.xib */,
				680CA5241EA5DEB8006A735E /* MITSectionHeaderView.swift */,
				680C8A141EB323E0004CDC5E /* TextFieldView.swift */,
				68E580581EA37504002E8C6A /* TextActionView.swift */,
				6825E13C1EA2119F003DEF20 /* MITTextActionView.swift */,
				680693C61EC182CE003D9F2C /* BlinkingView.swift */,
				680BE07E1E8E2C9500A5D339 /* Views.swift */,
				D31A1B071EF0FFC8005F7F3E /* Pulsar.swift */,
				681549C51EDAB0A300FE0639 /* HeaderView */,
			);
			name = Views;
			sourceTree = "<group>";
		};
		681B45341ED0061B00C18893 /* Fonts */ = {
			isa = PBXGroup;
			children = (
				68EB8FED1E824DE100C1B320 /* Fonts.swift */,
			);
			name = Fonts;
			sourceTree = "<group>";
		};
		681B45351ED0063200C18893 /* Colors */ = {
			isa = PBXGroup;
			children = (
				68EB8FEF1E824E2800C1B320 /* Colors.swift */,
			);
			name = Colors;
			sourceTree = "<group>";
		};
		681B45361ED0063900C18893 /* ViewControllers */ = {
			isa = PBXGroup;
			children = (
				680BE0801E8E2C9D00A5D339 /* ViewControllers.swift */,
				6829C5F01FE22E2E008B8D08 /* WebViewController.swift */,
			);
			name = ViewControllers;
			sourceTree = "<group>";
		};
		681B45371ED0068C00C18893 /* ImageViews */ = {
			isa = PBXGroup;
			children = (
				680922821EB51DB200CD1F6D /* MITCircleImageView.swift */,
				680BE08E1E8E301D00A5D339 /* CachedImageView.swift */,
				68FD97B41EB7DD140070C3B4 /* ImageViews.swift */,
			);
			name = ImageViews;
			sourceTree = "<group>";
		};
		681B45381ED006A500C18893 /* TableViews */ = {
			isa = PBXGroup;
			children = (
				680D1F811EBA7D97006EF6F0 /* TableViews.swift */,
				681B453D1ED0077200C18893 /* Cells */,
			);
			name = TableViews;
			sourceTree = "<group>";
		};
		681B45391ED006E000C18893 /* CollectionViews */ = {
			isa = PBXGroup;
			children = (
				6825E1361EA1F9B7003DEF20 /* MITMomentCollectionViewAdapter.swift */,
				681B45411ED008A700C18893 /* Cells */,
			);
			name = CollectionViews;
			sourceTree = "<group>";
		};
		681B453A1ED0070C00C18893 /* TabBars */ = {
			isa = PBXGroup;
			children = (
				68EB8FF41E825A3C00C1B320 /* MITTabBar.swift */,
			);
			name = TabBars;
			sourceTree = "<group>";
		};
		681B453B1ED0072C00C18893 /* GCD */ = {
			isa = PBXGroup;
			children = (
				687145A71EA082C800773E1F /* Delay.swift */,
			);
			name = GCD;
			sourceTree = "<group>";
		};
		681B453C1ED0073400C18893 /* ScrollViews */ = {
			isa = PBXGroup;
			children = (
				68EC740D1EB2EB900048DAD2 /* ScrollViews.swift */,
			);
			name = ScrollViews;
			sourceTree = "<group>";
		};
		681B453D1ED0077200C18893 /* Cells */ = {
			isa = PBXGroup;
			children = (
				680CA52C1EA5FCAA006A735E /* MITNoteCell.xib */,
				680CA52E1EA5FD3A006A735E /* MITNoteCell.swift */,
				680C20651EA5C9F400757608 /* ActiveLinkCell.xib */,
				680C20671EA5CB0D00757608 /* ActiveLinkCell.swift */,
				6810B19B1EB43FAF00B9EE7D /* MITContainerTableViewCell.swift */,
				6809BF191EB7564000A9E942 /* ImageTitleSubtitleCell.xib */,
				6809BF1B1EB7566300A9E942 /* ImageTitleSubtitleCell.swift */,
				680929CB1EB7C90200542D1D /* VideoPreviewCell.xib */,
				680929CD1EB7CBA600542D1D /* VideoPreviewCell.swift */,
				680C8A121EB32111004CDC5E /* ContainerTableViewCell.swift */,
				6809BF171EB70E0200A9E942 /* BouncingTableViewCell.swift */,
			);
			name = Cells;
			sourceTree = "<group>";
		};
		681B453E1ED0085900C18893 /* Routers */ = {
			isa = PBXGroup;
			children = (
				680BE0871E8E2E9B00A5D339 /* VideoRouter.swift */,
				680BE0881E8E2E9B00A5D339 /* UploadRouter.swift */,
			);
			name = Routers;
			sourceTree = "<group>";
		};
		681B453F1ED0086100C18893 /* Connectors */ = {
			isa = PBXGroup;
			children = (
				680CEB981E9F670E009ED223 /* VimeoConnector.swift */,
			);
			name = Connectors;
			sourceTree = "<group>";
		};
		681B45401ED0088D00C18893 /* Buttons */ = {
			isa = PBXGroup;
			children = (
				680BE08C1E8E2FE700A5D339 /* BouncingButton.swift */,
			);
			name = Buttons;
			sourceTree = "<group>";
		};
		681B45411ED008A700C18893 /* Cells */ = {
			isa = PBXGroup;
			children = (
				680BE07A1E8E204000A5D339 /* MomentCell.xib */,
				680BE07C1E8E20A200A5D339 /* MomentCell.swift */,
				6825E1381EA20525003DEF20 /* ContainerCell.swift */,
				68780FF21EAC76EE009DBF34 /* SpinnerCell.xib */,
				6811AE1E1EAC763E004386E4 /* SpinnerCell.swift */,
				6876033C1EBEFF7100B04729 /* BouncingCollectionViewCell.swift */,
			);
			name = Cells;
			sourceTree = "<group>";
		};
		687145A91EA0919A00773E1F /* New Moment Flow */ = {
			isa = PBXGroup;
			children = (
				688E5D0A1EA7152A00BF258F /* NewMomentSetting.swift */,
				68C068291EA0924B0037D4A3 /* NewMomentController.swift */,
				688E99891EB07CC500AEF2F7 /* Interviewing Flow */,
				688E998B1EB07CCD00AEF2F7 /* Topic Flow */,
				688E998A1EB07CCA00AEF2F7 /* New Note Flow */,
			);
			name = "New Moment Flow";
			sourceTree = "<group>";
		};
		687E23931EC9719E00BDF987 /* BackgroundSessionManagers */ = {
			isa = PBXGroup;
			children = (
				687E238D1EC9709600BDF987 /* BackgroundUploadSessionManager.swift */,
				687E238F1EC970EE00BDF987 /* BackgroundUploadCompleteSessionManager.swift */,
				687E23911EC9718200BDF987 /* BackgroundUploadVideoMetadataSessionManager.swift */,
				6818D45E1EEE0292005862E6 /* BackgroundUploadAlbumSessionManager.swift */,
			);
			name = BackgroundSessionManagers;
			sourceTree = "<group>";
		};
		688E99891EB07CC500AEF2F7 /* Interviewing Flow */ = {
			isa = PBXGroup;
			children = (
				680FC6751EBC07A900FED470 /* InterviewingSection.swift */,
				688E99901EB07D3B00AEF2F7 /* InterviewingController.swift */,
			);
			name = "Interviewing Flow";
			sourceTree = "<group>";
		};
		688E998A1EB07CCA00AEF2F7 /* New Note Flow */ = {
			isa = PBXGroup;
			children = (
				688E998C1EB07D1200AEF2F7 /* NewNoteController.swift */,
			);
			name = "New Note Flow";
			sourceTree = "<group>";
		};
		688E998B1EB07CCD00AEF2F7 /* Topic Flow */ = {
			isa = PBXGroup;
			children = (
				6808D9E01EC592C6005B341B /* TopicHeaderSection.swift */,
				6808D9DE1EC58100005B341B /* TopicController.swift */,
				680FC6771EBC07C600FED470 /* CreateTopicSection.swift */,
				688E998E1EB07D2E00AEF2F7 /* CreateTopicController.swift */,
			);
			name = "Topic Flow";
			sourceTree = "<group>";
		};
		68EB8FEC1E824DC200C1B320 /* Utilities */ = {
			isa = PBXGroup;
			children = (
				681B45321ED004E800C18893 /* Alerts */,
				681B45401ED0088D00C18893 /* Buttons */,
				681B45391ED006E000C18893 /* CollectionViews */,
				681B45351ED0063200C18893 /* Colors */,
				68EB8FF31E825A0D00C1B320 /* Components */,
				681B45341ED0061B00C18893 /* Fonts */,
				681B453B1ED0072C00C18893 /* GCD */,
				681B45371ED0068C00C18893 /* ImageViews */,
				680D81961EEF1F480019AC4F /* Strings */,
				681B453A1ED0070C00C18893 /* TabBars */,
				681B45381ED006A500C18893 /* TableViews */,
				681B453C1ED0073400C18893 /* ScrollViews */,
				681B45361ED0063900C18893 /* ViewControllers */,
				681B45331ED0059400C18893 /* Views */,
			);
			name = Utilities;
			sourceTree = "<group>";
		};
		68EB8FF11E82599500C1B320 /* Interface */ = {
			isa = PBXGroup;
			children = (
				D332E64D1E80BE6C00778462 /* Assets.xcassets */,
				D332E64F1E80BE6C00778462 /* LaunchScreen.storyboard */,
				D332E64A1E80BE6C00778462 /* Main.storyboard */,
				6812B6D31ED64A52003E3862 /* Terms of Service Flow */,
				6811A1E31E826E63006362E8 /* Community Flow */,
				6811A1E41E826E6C006362E8 /* My Moments Flow */,
				687145A91EA0919A00773E1F /* New Moment Flow */,
			);
			name = Interface;
			sourceTree = "<group>";
		};
		68EB8FF21E8259CB00C1B320 /* Supporting Files */ = {
			isa = PBXGroup;
			children = (
				D332E6461E80BE6C00778462 /* AppDelegate.swift */,
				6829C5EB1FE22968008B8D08 /* MITDocuments.swift */,
				D332E6521E80BE6C00778462 /* Info.plist */,
				6829C5E91FE22564008B8D08 /* terms_of_use.docx */,
				6829C5EA1FE2258A008B8D08 /* privacy_policy.docx */,
				D34A94181EC5310A008A77F1 /* default_topics.json */,
			);
			name = "Supporting Files";
			sourceTree = "<group>";
		};
		68EB8FF31E825A0D00C1B320 /* Components */ = {
			isa = PBXGroup;
			children = (
				68FD97B61EB82C3C0070C3B4 /* FileManager.swift */,
				6849EADE1EBD50E700B2E751 /* Assistant.swift */,
				68EC740B1EB2DA330048DAD2 /* KeyboardMover.swift */,
				6804A0CD1EAAFEB90012193C /* CameraMan.swift */,
			);
			name = Components;
			sourceTree = "<group>";
		};
		6D550315684F2986E39AF5FD /* Frameworks */ = {
			isa = PBXGroup;
			children = (
				6829C5EF1FE22C7E008B8D08 /* WebKit.framework */,
				6804A0CB1EAAE70A0012193C /* AVKit.framework */,
				97AA476620D69F4F27C04D67 /* Pods_MomentsInTime.framework */,
			);
			name = Frameworks;
			sourceTree = "<group>";
		};
		D332E63A1E80BE6C00778462 = {
			isa = PBXGroup;
			children = (
				D332E6451E80BE6C00778462 /* MomentsInTime */,
				D332E65A1E80BE6C00778462 /* MomentsInTimeTests */,
				D332E6651E80BE6C00778462 /* MomentsInTimeUITests */,
				D332E6441E80BE6C00778462 /* Products */,
				E599F5AFA5259732E24F4470 /* Pods */,
				6D550315684F2986E39AF5FD /* Frameworks */,
			);
			sourceTree = "<group>";
		};
		D332E6441E80BE6C00778462 /* Products */ = {
			isa = PBXGroup;
			children = (
				D332E6431E80BE6C00778462 /* MomentsInTime.app */,
				D332E6571E80BE6C00778462 /* MomentsInTimeTests.xctest */,
				D332E6621E80BE6C00778462 /* MomentsInTimeUITests.xctest */,
			);
			name = Products;
			sourceTree = "<group>";
		};
		D332E6451E80BE6C00778462 /* MomentsInTime */ = {
			isa = PBXGroup;
			children = (
				680BE0821E8E2D6100A5D339 /* Models */,
				68EB8FF11E82599500C1B320 /* Interface */,
				680BE0851E8E2E6B00A5D339 /* Networking */,
				68EB8FEC1E824DC200C1B320 /* Utilities */,
				68EB8FF21E8259CB00C1B320 /* Supporting Files */,
			);
			path = MomentsInTime;
			sourceTree = "<group>";
		};
		D332E65A1E80BE6C00778462 /* MomentsInTimeTests */ = {
			isa = PBXGroup;
			children = (
				D332E65B1E80BE6C00778462 /* MomentsInTimeTests.swift */,
				D332E65D1E80BE6C00778462 /* Info.plist */,
			);
			path = MomentsInTimeTests;
			sourceTree = "<group>";
		};
		D332E6651E80BE6C00778462 /* MomentsInTimeUITests */ = {
			isa = PBXGroup;
			children = (
				D332E6661E80BE6D00778462 /* MomentsInTimeUITests.swift */,
				D332E6681E80BE6D00778462 /* Info.plist */,
			);
			path = MomentsInTimeUITests;
			sourceTree = "<group>";
		};
		E599F5AFA5259732E24F4470 /* Pods */ = {
			isa = PBXGroup;
			children = (
				FE516C52A6259895083808ED /* Pods-MomentsInTime.debug.xcconfig */,
				5AF90A00C1ADFC15EA716E9A /* Pods-MomentsInTime.release.xcconfig */,
			);
			name = Pods;
			sourceTree = "<group>";
		};
/* End PBXGroup section */

/* Begin PBXNativeTarget section */
		D332E6421E80BE6C00778462 /* MomentsInTime */ = {
			isa = PBXNativeTarget;
			buildConfigurationList = D332E66B1E80BE6D00778462 /* Build configuration list for PBXNativeTarget "MomentsInTime" */;
			buildPhases = (
				95EB6E8D95BF928FC7F5877F /* [CP] Check Pods Manifest.lock */,
				D332E63F1E80BE6C00778462 /* Sources */,
				D332E6401E80BE6C00778462 /* Frameworks */,
				D332E6411E80BE6C00778462 /* Resources */,
				463527AAB406E0086407BA19 /* [CP] Embed Pods Frameworks */,
				C945930B3B39762B3A867934 /* [CP] Copy Pods Resources */,
				68D6F9121FE268D8007B9A8D /* ShellScript */,
			);
			buildRules = (
			);
			dependencies = (
			);
			name = MomentsInTime;
			productName = MomentsInTime;
			productReference = D332E6431E80BE6C00778462 /* MomentsInTime.app */;
			productType = "com.apple.product-type.application";
		};
		D332E6561E80BE6C00778462 /* MomentsInTimeTests */ = {
			isa = PBXNativeTarget;
			buildConfigurationList = D332E66E1E80BE6D00778462 /* Build configuration list for PBXNativeTarget "MomentsInTimeTests" */;
			buildPhases = (
				D332E6531E80BE6C00778462 /* Sources */,
				D332E6541E80BE6C00778462 /* Frameworks */,
				D332E6551E80BE6C00778462 /* Resources */,
			);
			buildRules = (
			);
			dependencies = (
				D332E6591E80BE6C00778462 /* PBXTargetDependency */,
			);
			name = MomentsInTimeTests;
			productName = MomentsInTimeTests;
			productReference = D332E6571E80BE6C00778462 /* MomentsInTimeTests.xctest */;
			productType = "com.apple.product-type.bundle.unit-test";
		};
		D332E6611E80BE6C00778462 /* MomentsInTimeUITests */ = {
			isa = PBXNativeTarget;
			buildConfigurationList = D332E6711E80BE6D00778462 /* Build configuration list for PBXNativeTarget "MomentsInTimeUITests" */;
			buildPhases = (
				D332E65E1E80BE6C00778462 /* Sources */,
				D332E65F1E80BE6C00778462 /* Frameworks */,
				D332E6601E80BE6C00778462 /* Resources */,
			);
			buildRules = (
			);
			dependencies = (
				D332E6641E80BE6C00778462 /* PBXTargetDependency */,
			);
			name = MomentsInTimeUITests;
			productName = MomentsInTimeUITests;
			productReference = D332E6621E80BE6C00778462 /* MomentsInTimeUITests.xctest */;
			productType = "com.apple.product-type.bundle.ui-testing";
		};
/* End PBXNativeTarget section */

/* Begin PBXProject section */
		D332E63B1E80BE6C00778462 /* Project object */ = {
			isa = PBXProject;
			attributes = {
				LastSwiftUpdateCheck = 0820;
				LastUpgradeCheck = 0820;
				ORGANIZATIONNAME = "Tikkun Olam";
				TargetAttributes = {
					D332E6421E80BE6C00778462 = {
						CreatedOnToolsVersion = 8.2.1;
						DevelopmentTeam = 8Y75VLF66U;
						LastSwiftMigration = 0910;
						ProvisioningStyle = Automatic;
					};
					D332E6561E80BE6C00778462 = {
						CreatedOnToolsVersion = 8.2.1;
						DevelopmentTeam = 8Y75VLF66U;
						LastSwiftMigration = 0910;
						ProvisioningStyle = Automatic;
						TestTargetID = D332E6421E80BE6C00778462;
					};
					D332E6611E80BE6C00778462 = {
						CreatedOnToolsVersion = 8.2.1;
						DevelopmentTeam = 8Y75VLF66U;
						LastSwiftMigration = 0910;
						ProvisioningStyle = Automatic;
						TestTargetID = D332E6421E80BE6C00778462;
					};
				};
			};
			buildConfigurationList = D332E63E1E80BE6C00778462 /* Build configuration list for PBXProject "MomentsInTime" */;
			compatibilityVersion = "Xcode 3.2";
			developmentRegion = English;
			hasScannedForEncodings = 0;
			knownRegions = (
				en,
				Base,
			);
			mainGroup = D332E63A1E80BE6C00778462;
			productRefGroup = D332E6441E80BE6C00778462 /* Products */;
			projectDirPath = "";
			projectRoot = "";
			targets = (
				D332E6421E80BE6C00778462 /* MomentsInTime */,
				D332E6561E80BE6C00778462 /* MomentsInTimeTests */,
				D332E6611E80BE6C00778462 /* MomentsInTimeUITests */,
			);
		};
/* End PBXProject section */

/* Begin PBXResourcesBuildPhase section */
		D332E6411E80BE6C00778462 /* Resources */ = {
			isa = PBXResourcesBuildPhase;
			buildActionMask = 2147483647;
			files = (
				6829C5F51FE23FA4008B8D08 /* privacy_policy.docx in Resources */,
				6829C5F41FE23F95008B8D08 /* terms_of_use.docx in Resources */,
				D332E6511E80BE6C00778462 /* LaunchScreen.storyboard in Resources */,
				680BE07B1E8E204000A5D339 /* MomentCell.xib in Resources */,
				6809BF1A1EB7564000A9E942 /* ImageTitleSubtitleCell.xib in Resources */,
				680CA52B1EA5F36E006A735E /* MITSectionHeaderView.xib in Resources */,
				D332E64E1E80BE6C00778462 /* Assets.xcassets in Resources */,
				680CA52D1EA5FCAA006A735E /* MITNoteCell.xib in Resources */,
				680C20661EA5C9F400757608 /* ActiveLinkCell.xib in Resources */,
				680929CC1EB7C90200542D1D /* VideoPreviewCell.xib in Resources */,
				D332E64C1E80BE6C00778462 /* Main.storyboard in Resources */,
				68780FF31EAC76EE009DBF34 /* SpinnerCell.xib in Resources */,
				D34A94191EC5310A008A77F1 /* default_topics.json in Resources */,
			);
			runOnlyForDeploymentPostprocessing = 0;
		};
		D332E6551E80BE6C00778462 /* Resources */ = {
			isa = PBXResourcesBuildPhase;
			buildActionMask = 2147483647;
			files = (
			);
			runOnlyForDeploymentPostprocessing = 0;
		};
		D332E6601E80BE6C00778462 /* Resources */ = {
			isa = PBXResourcesBuildPhase;
			buildActionMask = 2147483647;
			files = (
			);
			runOnlyForDeploymentPostprocessing = 0;
		};
/* End PBXResourcesBuildPhase section */

/* Begin PBXShellScriptBuildPhase section */
		463527AAB406E0086407BA19 /* [CP] Embed Pods Frameworks */ = {
			isa = PBXShellScriptBuildPhase;
			buildActionMask = 2147483647;
			files = (
			);
			inputPaths = (
				"${SRCROOT}/Pods/Target Support Files/Pods-MomentsInTime/Pods-MomentsInTime-frameworks.sh",
				"${BUILT_PRODUCTS_DIR}/ActiveLabel/ActiveLabel.framework",
				"${BUILT_PRODUCTS_DIR}/Alamofire/Alamofire.framework",
				"${BUILT_PRODUCTS_DIR}/DZNEmptyDataSet/DZNEmptyDataSet.framework",
				"${BUILT_PRODUCTS_DIR}/Pulsator/Pulsator.framework",
				"${BUILT_PRODUCTS_DIR}/PureLayout/PureLayout.framework",
				"${BUILT_PRODUCTS_DIR}/Realm/Realm.framework",
				"${BUILT_PRODUCTS_DIR}/RealmSwift/RealmSwift.framework",
				"${BUILT_PRODUCTS_DIR}/SDWebImage/SDWebImage.framework",
				"${BUILT_PRODUCTS_DIR}/UITextView+Placeholder/UITextView_Placeholder.framework",
			);
			name = "[CP] Embed Pods Frameworks";
			outputPaths = (
				"${TARGET_BUILD_DIR}/${FRAMEWORKS_FOLDER_PATH}/ActiveLabel.framework",
				"${TARGET_BUILD_DIR}/${FRAMEWORKS_FOLDER_PATH}/Alamofire.framework",
				"${TARGET_BUILD_DIR}/${FRAMEWORKS_FOLDER_PATH}/DZNEmptyDataSet.framework",
				"${TARGET_BUILD_DIR}/${FRAMEWORKS_FOLDER_PATH}/Pulsator.framework",
				"${TARGET_BUILD_DIR}/${FRAMEWORKS_FOLDER_PATH}/PureLayout.framework",
				"${TARGET_BUILD_DIR}/${FRAMEWORKS_FOLDER_PATH}/Realm.framework",
				"${TARGET_BUILD_DIR}/${FRAMEWORKS_FOLDER_PATH}/RealmSwift.framework",
				"${TARGET_BUILD_DIR}/${FRAMEWORKS_FOLDER_PATH}/SDWebImage.framework",
				"${TARGET_BUILD_DIR}/${FRAMEWORKS_FOLDER_PATH}/UITextView_Placeholder.framework",
			);
			runOnlyForDeploymentPostprocessing = 0;
			shellPath = /bin/sh;
			shellScript = "\"${SRCROOT}/Pods/Target Support Files/Pods-MomentsInTime/Pods-MomentsInTime-frameworks.sh\"\n";
			showEnvVarsInLog = 0;
		};
		68D6F9121FE268D8007B9A8D /* ShellScript */ = {
			isa = PBXShellScriptBuildPhase;
			buildActionMask = 2147483647;
			files = (
			);
			inputPaths = (
			);
			outputPaths = (
			);
			runOnlyForDeploymentPostprocessing = 0;
			shellPath = /bin/sh;
			shellScript = "\"${PODS_ROOT}/Fabric/run\" 878a6364802d8fa959cebd9c063dc4676bdf4320 1d87ae58350694248ae9278298eabf1aba081c844010db06e7fd653f96172c00";
		};
		95EB6E8D95BF928FC7F5877F /* [CP] Check Pods Manifest.lock */ = {
			isa = PBXShellScriptBuildPhase;
			buildActionMask = 2147483647;
			files = (
			);
			inputPaths = (
				"${PODS_PODFILE_DIR_PATH}/Podfile.lock",
				"${PODS_ROOT}/Manifest.lock",
			);
			name = "[CP] Check Pods Manifest.lock";
			outputPaths = (
				"$(DERIVED_FILE_DIR)/Pods-MomentsInTime-checkManifestLockResult.txt",
			);
			runOnlyForDeploymentPostprocessing = 0;
			shellPath = /bin/sh;
			shellScript = "diff \"${PODS_PODFILE_DIR_PATH}/Podfile.lock\" \"${PODS_ROOT}/Manifest.lock\" > /dev/null\nif [ $? != 0 ] ; then\n    # print error to STDERR\n    echo \"error: The sandbox is not in sync with the Podfile.lock. Run 'pod install' or update your CocoaPods installation.\" >&2\n    exit 1\nfi\n# This output is used by Xcode 'outputs' to avoid re-running this script phase.\necho \"SUCCESS\" > \"${SCRIPT_OUTPUT_FILE_0}\"\n";
			showEnvVarsInLog = 0;
		};
		C945930B3B39762B3A867934 /* [CP] Copy Pods Resources */ = {
			isa = PBXShellScriptBuildPhase;
			buildActionMask = 2147483647;
			files = (
			);
			inputPaths = (
			);
			name = "[CP] Copy Pods Resources";
			outputPaths = (
			);
			runOnlyForDeploymentPostprocessing = 0;
			shellPath = /bin/sh;
			shellScript = "\"${SRCROOT}/Pods/Target Support Files/Pods-MomentsInTime/Pods-MomentsInTime-resources.sh\"\n";
			showEnvVarsInLog = 0;
		};
/* End PBXShellScriptBuildPhase section */

/* Begin PBXSourcesBuildPhase section */
		D332E63F1E80BE6C00778462 /* Sources */ = {
			isa = PBXSourcesBuildPhase;
			buildActionMask = 2147483647;
			files = (
				68FD97B71EB82C3C0070C3B4 /* FileManager.swift in Sources */,
				6849EADF1EBD50E700B2E751 /* Assistant.swift in Sources */,
				680BE08A1E8E2E9B00A5D339 /* VideoRouter.swift in Sources */,
				68EB8FF51E825A3C00C1B320 /* MITTabBar.swift in Sources */,
				680CA52F1EA5FD3A006A735E /* MITNoteCell.swift in Sources */,
				688E998F1EB07D2E00AEF2F7 /* CreateTopicController.swift in Sources */,
				680D81981EEF1F770019AC4F /* Strings.swift in Sources */,
				6829C5EC1FE22968008B8D08 /* MITDocuments.swift in Sources */,
				688E5D0B1EA7152A00BF258F /* NewMomentSetting.swift in Sources */,
				683B36201EC6F96F00F68A8C /* CommunityMomentOptionsAlertSheet.swift in Sources */,
				680FC67C1EBC5D3C00FED470 /* MomentList.swift in Sources */,
				6825E1391EA20525003DEF20 /* ContainerCell.swift in Sources */,
				687E238E1EC9709600BDF987 /* BackgroundUploadSessionManager.swift in Sources */,
				68087C4F1EFC5879008B20BC /* UploadConfirmationAlertView.swift in Sources */,
				681549C21EDA437300FE0639 /* MITHeaderView.swift in Sources */,
				687E23921EC9718200BDF987 /* BackgroundUploadVideoMetadataSessionManager.swift in Sources */,
				680BE07D1E8E20A200A5D339 /* MomentCell.swift in Sources */,
				6809C1921EB5CACB0015C69A /* Moment.swift in Sources */,
				680C8A151EB323E0004CDC5E /* TextFieldView.swift in Sources */,
				6818D45F1EEE0292005862E6 /* BackgroundUploadAlbumSessionManager.swift in Sources */,
				6825E1371EA1F9B7003DEF20 /* MITMomentCollectionViewAdapter.swift in Sources */,
				6876033D1EBEFF7100B04729 /* BouncingCollectionViewCell.swift in Sources */,
				6810B19A1EB424CB00B9EE7D /* ProfileImageView.swift in Sources */,
				6804A0CE1EAAFEB90012193C /* CameraMan.swift in Sources */,
				68EB8FF01E824E2800C1B320 /* Colors.swift in Sources */,
				680C8A171EB3321B004CDC5E /* TextViewView.swift in Sources */,
				68E580591EA37504002E8C6A /* TextActionView.swift in Sources */,
				68EC740C1EB2DA330048DAD2 /* KeyboardMover.swift in Sources */,
				6812B6D51ED64A71003E3862 /* TermsOfServiceController.swift in Sources */,
				D34A941D1EC6919B008A77F1 /* ComingSoonAlertView.swift in Sources */,
				681B45311ED0045F00C18893 /* HowAreWeDoingAlertView.swift in Sources */,
				68EB8FEE1E824DE100C1B320 /* Fonts.swift in Sources */,
				683B361E1EC6F67300F68A8C /* InterviewInviteAlertSheet.swift in Sources */,
				681369F91EF79E5E00329FD0 /* ContactInviteAlert.swift in Sources */,
				688E998D1EB07D1200AEF2F7 /* NewNoteController.swift in Sources */,
				6808D9E31EC59E20005B341B /* MomentStatus.swift in Sources */,
				6811AE1F1EAC763E004386E4 /* SpinnerCell.swift in Sources */,
				680BE07F1E8E2C9500A5D339 /* Views.swift in Sources */,
				680BE08F1E8E301D00A5D339 /* CachedImageView.swift in Sources */,
				688E5D0F1EA883BA00BF258F /* Alerts.swift in Sources */,
				6809BF1C1EB7566300A9E942 /* ImageTitleSubtitleCell.swift in Sources */,
				6821AE211FE7DEC900A40F36 /* TermsPageContainerController.swift in Sources */,
				680FC6781EBC07C600FED470 /* CreateTopicSection.swift in Sources */,
				686079591ED9014500FD7260 /* WelcomeHeaderView.swift in Sources */,
				6829C5F31FE233CB008B8D08 /* PrivacyPolicyAcceptAlertView.swift in Sources */,
				6825E13D1EA2119F003DEF20 /* MITTextActionView.swift in Sources */,
				680929CE1EB7CBA600542D1D /* VideoPreviewCell.swift in Sources */,
				680BE08B1E8E2E9B00A5D339 /* UploadRouter.swift in Sources */,
				688E99911EB07D3B00AEF2F7 /* InterviewingController.swift in Sources */,
				68FD97B51EB7DD140070C3B4 /* ImageViews.swift in Sources */,
				6808D9E11EC592C6005B341B /* TopicHeaderSection.swift in Sources */,
				680CA5251EA5DEB8006A735E /* MITSectionHeaderView.swift in Sources */,
				68087C511EFC638A008B20BC /* EditVideoAlertView.swift in Sources */,
				680D1F821EBA7D97006EF6F0 /* TableViews.swift in Sources */,
				680F9BEA1EC6F3AE00C920B4 /* ShareAlertSheet.swift in Sources */,
				6808D9DF1EC58100005B341B /* TopicController.swift in Sources */,
				680BE0811E8E2C9D00A5D339 /* ViewControllers.swift in Sources */,
				6809BF181EB70E0200A9E942 /* BouncingTableViewCell.swift in Sources */,
				D31A1B081EF0FFC8005F7F3E /* Pulsar.swift in Sources */,
				680693C71EC182CE003D9F2C /* BlinkingView.swift in Sources */,
				6810B19C1EB43FAF00B9EE7D /* MITContainerTableViewCell.swift in Sources */,
				D332E6471E80BE6C00778462 /* AppDelegate.swift in Sources */,
				6809C1941EB5E14F0015C69A /* Subject.swift in Sources */,
				680CEB991E9F670E009ED223 /* VimeoConnector.swift in Sources */,
				6811A1E61E826E9C006362E8 /* CommunityController.swift in Sources */,
				6829C5F11FE22E2E008B8D08 /* WebViewController.swift in Sources */,
				680922831EB51DB200CD1F6D /* MITCircleImageView.swift in Sources */,
				681549C41EDA467700FE0639 /* ShareLiveMomentHeaderView.swift in Sources */,
				680FC6761EBC07A900FED470 /* InterviewingSection.swift in Sources */,
				680C20681EA5CB0D00757608 /* ActiveLinkCell.swift in Sources */,
				6811A1E81E826EB2006362E8 /* MyMomentsController.swift in Sources */,
				6812B6D71ED64B1B003E3862 /* TermsOfServiceAcceptAlertView.swift in Sources */,
				687E23901EC970EE00BDF987 /* BackgroundUploadCompleteSessionManager.swift in Sources */,
				68EC740E1EB2EB900048DAD2 /* ScrollViews.swift in Sources */,
				688E5D0D1EA74A2C00BF258F /* Note.swift in Sources */,
				68C0682A1EA0924B0037D4A3 /* NewMomentController.swift in Sources */,
				687145A81EA082C800773E1F /* Delay.swift in Sources */,
				6829C5EE1FE22C4F008B8D08 /* PrivacyPolicyController.swift in Sources */,
				680BE08D1E8E2FE700A5D339 /* BouncingButton.swift in Sources */,
				D34A941B1EC535FB008A77F1 /* Topic.swift in Sources */,
				680BE0841E8E2D7200A5D339 /* Video.swift in Sources */,
				680C8A131EB32111004CDC5E /* ContainerTableViewCell.swift in Sources */,
			);
			runOnlyForDeploymentPostprocessing = 0;
		};
		D332E6531E80BE6C00778462 /* Sources */ = {
			isa = PBXSourcesBuildPhase;
			buildActionMask = 2147483647;
			files = (
				D332E65C1E80BE6C00778462 /* MomentsInTimeTests.swift in Sources */,
			);
			runOnlyForDeploymentPostprocessing = 0;
		};
		D332E65E1E80BE6C00778462 /* Sources */ = {
			isa = PBXSourcesBuildPhase;
			buildActionMask = 2147483647;
			files = (
				D332E6671E80BE6D00778462 /* MomentsInTimeUITests.swift in Sources */,
			);
			runOnlyForDeploymentPostprocessing = 0;
		};
/* End PBXSourcesBuildPhase section */

/* Begin PBXTargetDependency section */
		D332E6591E80BE6C00778462 /* PBXTargetDependency */ = {
			isa = PBXTargetDependency;
			target = D332E6421E80BE6C00778462 /* MomentsInTime */;
			targetProxy = D332E6581E80BE6C00778462 /* PBXContainerItemProxy */;
		};
		D332E6641E80BE6C00778462 /* PBXTargetDependency */ = {
			isa = PBXTargetDependency;
			target = D332E6421E80BE6C00778462 /* MomentsInTime */;
			targetProxy = D332E6631E80BE6C00778462 /* PBXContainerItemProxy */;
		};
/* End PBXTargetDependency section */

/* Begin PBXVariantGroup section */
		D332E64A1E80BE6C00778462 /* Main.storyboard */ = {
			isa = PBXVariantGroup;
			children = (
				D332E64B1E80BE6C00778462 /* Base */,
			);
			name = Main.storyboard;
			sourceTree = "<group>";
		};
		D332E64F1E80BE6C00778462 /* LaunchScreen.storyboard */ = {
			isa = PBXVariantGroup;
			children = (
				D332E6501E80BE6C00778462 /* Base */,
			);
			name = LaunchScreen.storyboard;
			sourceTree = "<group>";
		};
/* End PBXVariantGroup section */

/* Begin XCBuildConfiguration section */
		D332E6691E80BE6D00778462 /* Debug */ = {
			isa = XCBuildConfiguration;
			buildSettings = {
				ALWAYS_SEARCH_USER_PATHS = NO;
				CLANG_ANALYZER_NONNULL = YES;
				CLANG_CXX_LANGUAGE_STANDARD = "gnu++0x";
				CLANG_CXX_LIBRARY = "libc++";
				CLANG_ENABLE_MODULES = YES;
				CLANG_ENABLE_OBJC_ARC = YES;
				CLANG_WARN_BOOL_CONVERSION = YES;
				CLANG_WARN_CONSTANT_CONVERSION = YES;
				CLANG_WARN_DIRECT_OBJC_ISA_USAGE = YES_ERROR;
				CLANG_WARN_DOCUMENTATION_COMMENTS = YES;
				CLANG_WARN_EMPTY_BODY = YES;
				CLANG_WARN_ENUM_CONVERSION = YES;
				CLANG_WARN_INFINITE_RECURSION = YES;
				CLANG_WARN_INT_CONVERSION = YES;
				CLANG_WARN_OBJC_ROOT_CLASS = YES_ERROR;
				CLANG_WARN_SUSPICIOUS_MOVE = YES;
				CLANG_WARN_UNREACHABLE_CODE = YES;
				CLANG_WARN__DUPLICATE_METHOD_MATCH = YES;
				"CODE_SIGN_IDENTITY[sdk=iphoneos*]" = "iPhone Developer";
				COPY_PHASE_STRIP = NO;
				DEBUG_INFORMATION_FORMAT = dwarf;
				ENABLE_STRICT_OBJC_MSGSEND = YES;
				ENABLE_TESTABILITY = YES;
				GCC_C_LANGUAGE_STANDARD = gnu99;
				GCC_DYNAMIC_NO_PIC = NO;
				GCC_NO_COMMON_BLOCKS = YES;
				GCC_OPTIMIZATION_LEVEL = 0;
				GCC_PREPROCESSOR_DEFINITIONS = (
					"DEBUG=1",
					"$(inherited)",
				);
				GCC_WARN_64_TO_32_BIT_CONVERSION = YES;
				GCC_WARN_ABOUT_RETURN_TYPE = YES_ERROR;
				GCC_WARN_UNDECLARED_SELECTOR = YES;
				GCC_WARN_UNINITIALIZED_AUTOS = YES_AGGRESSIVE;
				GCC_WARN_UNUSED_FUNCTION = YES;
				GCC_WARN_UNUSED_VARIABLE = YES;
				IPHONEOS_DEPLOYMENT_TARGET = 10.0;
				MTL_ENABLE_DEBUG_INFO = YES;
				ONLY_ACTIVE_ARCH = YES;
				SDKROOT = iphoneos;
				SWIFT_ACTIVE_COMPILATION_CONDITIONS = DEBUG;
				SWIFT_OPTIMIZATION_LEVEL = "-Onone";
				TARGETED_DEVICE_FAMILY = "1,2";
			};
			name = Debug;
		};
		D332E66A1E80BE6D00778462 /* Release */ = {
			isa = XCBuildConfiguration;
			buildSettings = {
				ALWAYS_SEARCH_USER_PATHS = NO;
				CLANG_ANALYZER_NONNULL = YES;
				CLANG_CXX_LANGUAGE_STANDARD = "gnu++0x";
				CLANG_CXX_LIBRARY = "libc++";
				CLANG_ENABLE_MODULES = YES;
				CLANG_ENABLE_OBJC_ARC = YES;
				CLANG_WARN_BOOL_CONVERSION = YES;
				CLANG_WARN_CONSTANT_CONVERSION = YES;
				CLANG_WARN_DIRECT_OBJC_ISA_USAGE = YES_ERROR;
				CLANG_WARN_DOCUMENTATION_COMMENTS = YES;
				CLANG_WARN_EMPTY_BODY = YES;
				CLANG_WARN_ENUM_CONVERSION = YES;
				CLANG_WARN_INFINITE_RECURSION = YES;
				CLANG_WARN_INT_CONVERSION = YES;
				CLANG_WARN_OBJC_ROOT_CLASS = YES_ERROR;
				CLANG_WARN_SUSPICIOUS_MOVE = YES;
				CLANG_WARN_UNREACHABLE_CODE = YES;
				CLANG_WARN__DUPLICATE_METHOD_MATCH = YES;
				"CODE_SIGN_IDENTITY[sdk=iphoneos*]" = "iPhone Developer";
				COPY_PHASE_STRIP = NO;
				DEBUG_INFORMATION_FORMAT = "dwarf-with-dsym";
				ENABLE_NS_ASSERTIONS = NO;
				ENABLE_STRICT_OBJC_MSGSEND = YES;
				GCC_C_LANGUAGE_STANDARD = gnu99;
				GCC_NO_COMMON_BLOCKS = YES;
				GCC_WARN_64_TO_32_BIT_CONVERSION = YES;
				GCC_WARN_ABOUT_RETURN_TYPE = YES_ERROR;
				GCC_WARN_UNDECLARED_SELECTOR = YES;
				GCC_WARN_UNINITIALIZED_AUTOS = YES_AGGRESSIVE;
				GCC_WARN_UNUSED_FUNCTION = YES;
				GCC_WARN_UNUSED_VARIABLE = YES;
				IPHONEOS_DEPLOYMENT_TARGET = 10.0;
				MTL_ENABLE_DEBUG_INFO = NO;
				SDKROOT = iphoneos;
				SWIFT_OPTIMIZATION_LEVEL = "-Owholemodule";
				TARGETED_DEVICE_FAMILY = "1,2";
				VALIDATE_PRODUCT = YES;
			};
			name = Release;
		};
		D332E66C1E80BE6D00778462 /* Debug */ = {
			isa = XCBuildConfiguration;
			baseConfigurationReference = FE516C52A6259895083808ED /* Pods-MomentsInTime.debug.xcconfig */;
			buildSettings = {
				ASSETCATALOG_COMPILER_APPICON_NAME = AppIcon;
				DEVELOPMENT_TEAM = 8Y75VLF66U;
				INFOPLIST_FILE = MomentsInTime/Info.plist;
				LD_RUNPATH_SEARCH_PATHS = "$(inherited) @executable_path/Frameworks";
				PRODUCT_BUNDLE_IDENTIFIER = TikkunOlam.MomentsInTime;
				PRODUCT_NAME = "$(TARGET_NAME)";
				SWIFT_SWIFT3_OBJC_INFERENCE = On;
				SWIFT_VERSION = 4.0;
			};
			name = Debug;
		};
		D332E66D1E80BE6D00778462 /* Release */ = {
			isa = XCBuildConfiguration;
			baseConfigurationReference = 5AF90A00C1ADFC15EA716E9A /* Pods-MomentsInTime.release.xcconfig */;
			buildSettings = {
				ASSETCATALOG_COMPILER_APPICON_NAME = AppIcon;
				DEVELOPMENT_TEAM = 8Y75VLF66U;
				INFOPLIST_FILE = MomentsInTime/Info.plist;
				LD_RUNPATH_SEARCH_PATHS = "$(inherited) @executable_path/Frameworks";
				PRODUCT_BUNDLE_IDENTIFIER = TikkunOlam.MomentsInTime;
				PRODUCT_NAME = "$(TARGET_NAME)";
				SWIFT_SWIFT3_OBJC_INFERENCE = On;
				SWIFT_VERSION = 4.0;
			};
			name = Release;
		};
		D332E66F1E80BE6D00778462 /* Debug */ = {
			isa = XCBuildConfiguration;
			buildSettings = {
				ALWAYS_EMBED_SWIFT_STANDARD_LIBRARIES = YES;
				BUNDLE_LOADER = "$(TEST_HOST)";
				DEVELOPMENT_TEAM = 8Y75VLF66U;
				INFOPLIST_FILE = MomentsInTimeTests/Info.plist;
				LD_RUNPATH_SEARCH_PATHS = "$(inherited) @executable_path/Frameworks @loader_path/Frameworks";
				PRODUCT_BUNDLE_IDENTIFIER = TikkunOlam.MomentsInTimeTests;
				PRODUCT_NAME = "$(TARGET_NAME)";
				SWIFT_SWIFT3_OBJC_INFERENCE = On;
				SWIFT_VERSION = 4.0;
				TEST_HOST = "$(BUILT_PRODUCTS_DIR)/MomentsInTime.app/MomentsInTime";
			};
			name = Debug;
		};
		D332E6701E80BE6D00778462 /* Release */ = {
			isa = XCBuildConfiguration;
			buildSettings = {
				ALWAYS_EMBED_SWIFT_STANDARD_LIBRARIES = YES;
				BUNDLE_LOADER = "$(TEST_HOST)";
				DEVELOPMENT_TEAM = 8Y75VLF66U;
				INFOPLIST_FILE = MomentsInTimeTests/Info.plist;
				LD_RUNPATH_SEARCH_PATHS = "$(inherited) @executable_path/Frameworks @loader_path/Frameworks";
				PRODUCT_BUNDLE_IDENTIFIER = TikkunOlam.MomentsInTimeTests;
				PRODUCT_NAME = "$(TARGET_NAME)";
				SWIFT_SWIFT3_OBJC_INFERENCE = On;
				SWIFT_VERSION = 4.0;
				TEST_HOST = "$(BUILT_PRODUCTS_DIR)/MomentsInTime.app/MomentsInTime";
			};
			name = Release;
		};
		D332E6721E80BE6D00778462 /* Debug */ = {
			isa = XCBuildConfiguration;
			buildSettings = {
				ALWAYS_EMBED_SWIFT_STANDARD_LIBRARIES = YES;
				DEVELOPMENT_TEAM = 8Y75VLF66U;
				INFOPLIST_FILE = MomentsInTimeUITests/Info.plist;
				LD_RUNPATH_SEARCH_PATHS = "$(inherited) @executable_path/Frameworks @loader_path/Frameworks";
				PRODUCT_BUNDLE_IDENTIFIER = TikkunOlam.MomentsInTimeUITests;
				PRODUCT_NAME = "$(TARGET_NAME)";
				SWIFT_SWIFT3_OBJC_INFERENCE = On;
				SWIFT_VERSION = 4.0;
				TEST_TARGET_NAME = MomentsInTime;
			};
			name = Debug;
		};
		D332E6731E80BE6D00778462 /* Release */ = {
			isa = XCBuildConfiguration;
			buildSettings = {
				ALWAYS_EMBED_SWIFT_STANDARD_LIBRARIES = YES;
				DEVELOPMENT_TEAM = 8Y75VLF66U;
				INFOPLIST_FILE = MomentsInTimeUITests/Info.plist;
				LD_RUNPATH_SEARCH_PATHS = "$(inherited) @executable_path/Frameworks @loader_path/Frameworks";
				PRODUCT_BUNDLE_IDENTIFIER = TikkunOlam.MomentsInTimeUITests;
				PRODUCT_NAME = "$(TARGET_NAME)";
				SWIFT_SWIFT3_OBJC_INFERENCE = On;
				SWIFT_VERSION = 4.0;
				TEST_TARGET_NAME = MomentsInTime;
			};
			name = Release;
		};
/* End XCBuildConfiguration section */

/* Begin XCConfigurationList section */
		D332E63E1E80BE6C00778462 /* Build configuration list for PBXProject "MomentsInTime" */ = {
			isa = XCConfigurationList;
			buildConfigurations = (
				D332E6691E80BE6D00778462 /* Debug */,
				D332E66A1E80BE6D00778462 /* Release */,
			);
			defaultConfigurationIsVisible = 0;
			defaultConfigurationName = Release;
		};
		D332E66B1E80BE6D00778462 /* Build configuration list for PBXNativeTarget "MomentsInTime" */ = {
			isa = XCConfigurationList;
			buildConfigurations = (
				D332E66C1E80BE6D00778462 /* Debug */,
				D332E66D1E80BE6D00778462 /* Release */,
			);
			defaultConfigurationIsVisible = 0;
			defaultConfigurationName = Release;
		};
		D332E66E1E80BE6D00778462 /* Build configuration list for PBXNativeTarget "MomentsInTimeTests" */ = {
			isa = XCConfigurationList;
			buildConfigurations = (
				D332E66F1E80BE6D00778462 /* Debug */,
				D332E6701E80BE6D00778462 /* Release */,
			);
			defaultConfigurationIsVisible = 0;
			defaultConfigurationName = Release;
		};
		D332E6711E80BE6D00778462 /* Build configuration list for PBXNativeTarget "MomentsInTimeUITests" */ = {
			isa = XCConfigurationList;
			buildConfigurations = (
				D332E6721E80BE6D00778462 /* Debug */,
				D332E6731E80BE6D00778462 /* Release */,
			);
			defaultConfigurationIsVisible = 0;
			defaultConfigurationName = Release;
		};
/* End XCConfigurationList section */
	};
	rootObject = D332E63B1E80BE6C00778462 /* Project object */;
}
